
Microsoft Visual Studio Solution File, Format Version 12.00
# Visual Studio 14
VisualStudioVersion = 14.0.23107.0
MinimumVisualStudioVersion = 10.0.40219.1
Project("{FAE04EC0-301F-11D3-BF4B-00C04F79EFBC}") = "FAQ-Web-Api-Angular", "FAQ-Web-Api-Angular\FAQ-Web-Api-Angular.csproj", "{EB91E257-A692-4799-B260-E3B1094DEA45}"
EndProject
Global
	GlobalSection(SolutionConfigurationPlatforms) = preSolution
		Debug|Any CPU = Debug|Any CPU
		Release|Any CPU = Release|Any CPU
	EndGlobalSection
	GlobalSection(ProjectConfigurationPlatforms) = postSolution
		{EB91E257-A692-4799-B260-E3B1094DEA45}.Debug|Any CPU.ActiveCfg = Debug|Any CPU
		{EB91E257-A692-4799-B260-E3B1094DEA45}.Debug|Any CPU.Build.0 = Debug|Any CPU
		{EB91E257-A692-4799-B260-E3B1094DEA45}.Release|Any CPU.ActiveCfg = Release|Any CPU
		{EB91E257-A692-4799-B260-E3B1094DEA45}.Release|Any CPU.Build.0 = Release|Any CPU
	EndGlobalSection
	GlobalSection(SolutionProperties) = preSolution
		HideSolutionNode = FALSE
	EndGlobalSection
EndGlobal
